
Microsoft Visual Studio Solution File, Format Version 12.00
# Visual Studio Version 16
VisualStudioVersion = 16.0.30523.141
MinimumVisualStudioVersion = 10.0.40219.1
Project("{8BC9CEB8-8B4A-11D0-8D11-00A0C91BC942}") = "Project1", "Project1\Project1.vcxproj", "{61EAAB7E-5B63-4C80-AF2A-731855E514F9}"
EndProject
Global
	GlobalSection(SolutionConfigurationPlatforms) = preSolution
		Debug|x64 = Debug|x64
		Debug|x86 = Debug|x86
		Release|x64 = Release|x64
		Release|x86 = Release|x86
	EndGlobalSection
	GlobalSection(ProjectConfigurationPlatforms) = postSolution
		{61EAAB7E-5B63-4C80-AF2A-731855E514F9}.Debug|x64.ActiveCfg = Debug|x64
		{61EAAB7E-5B63-4C80-AF2A-731855E514F9}.Debug|x64.Build.0 = Debug|x64
		{61EAAB7E-5B63-4C80-AF2A-731855E514F9}.Debug|x86.ActiveCfg = Debug|Win32
		{61EAAB7E-5B63-4C80-AF2A-731855E514F9}.Debug|x86.Build.0 = Debug|Win32
		{61EAAB7E-5B63-4C80-AF2A-731855E514F9}.Release|x64.ActiveCfg = Release|x64
		{61EAAB7E-5B63-4C80-AF2A-731855E514F9}.Release|x64.Build.0 = Release|x64
		{61EAAB7E-5B63-4C80-AF2A-731855E514F9}.Release|x86.ActiveCfg = Release|Win32
		{61EAAB7E-5B63-4C80-AF2A-731855E514F9}.Release|x86.Build.0 = Release|Win32
	EndGlobalSection
	GlobalSection(SolutionProperties) = preSolution
		HideSolutionNode = FALSE
	EndGlobalSection
	GlobalSection(ExtensibilityGlobals) = postSolution
		SolutionGuid = {A7FE4AD1-DA85-4AE7-8ABF-7992FDB63A6E}
	EndGlobalSection
EndGlobal
